
Microsoft Visual Studio Solution File, Format Version 12.00
# Visual Studio Version 16
VisualStudioVersion = 16.0.31321.278
MinimumVisualStudioVersion = 10.0.40219.1
Project("{FAE04EC0-301F-11D3-BF4B-00C04F79EFBC}") = "Jaeger.AService", "Jaeger.AService\Jaeger.AService.csproj", "{396E4991-C33F-400B-8156-F270155C695A}"
EndProject
Project("{FAE04EC0-301F-11D3-BF4B-00C04F79EFBC}") = "Jaeger.BService", "Jaeger.BService\Jaeger.BService.csproj", "{7E4B6E22-FEAE-4F3D-8E5F-16DD52F7F9AB}"
EndProject
Global
	GlobalSection(SolutionConfigurationPlatforms) = preSolution
		Debug|Any CPU = Debug|Any CPU
		Release|Any CPU = Release|Any CPU
	EndGlobalSection
	GlobalSection(ProjectConfigurationPlatforms) = postSolution
		{396E4991-C33F-400B-8156-F270155C695A}.Debug|Any CPU.ActiveCfg = Debug|Any CPU
		{396E4991-C33F-400B-8156-F270155C695A}.Debug|Any CPU.Build.0 = Debug|Any CPU
		{396E4991-C33F-400B-8156-F270155C695A}.Release|Any CPU.ActiveCfg = Release|Any CPU
		{396E4991-C33F-400B-8156-F270155C695A}.Release|Any CPU.Build.0 = Release|Any CPU
		{7E4B6E22-FEAE-4F3D-8E5F-16DD52F7F9AB}.Debug|Any CPU.ActiveCfg = Debug|Any CPU
		{7E4B6E22-FEAE-4F3D-8E5F-16DD52F7F9AB}.Debug|Any CPU.Build.0 = Debug|Any CPU
		{7E4B6E22-FEAE-4F3D-8E5F-16DD52F7F9AB}.Release|Any CPU.ActiveCfg = Release|Any CPU
		{7E4B6E22-FEAE-4F3D-8E5F-16DD52F7F9AB}.Release|Any CPU.Build.0 = Release|Any CPU
	EndGlobalSection
	GlobalSection(SolutionProperties) = preSolution
		HideSolutionNode = FALSE
	EndGlobalSection
	GlobalSection(ExtensibilityGlobals) = postSolution
		SolutionGuid = {DE1ADC85-D2AE-4B2F-809E-3549E8A3ED5C}
	EndGlobalSection
EndGlobal
